
Microsoft Visual Studio Solution File, Format Version 12.00
# Visual Studio Version 16
VisualStudioVersion = 16.0.31613.86
MinimumVisualStudioVersion = 10.0.40219.1
Project("{FAE04EC0-301F-11D3-BF4B-00C04F79EFBC}") = "Estrutura-de-decisão", "Estrutura-de-decisão\Estrutura-de-decisão.csproj", "{68955E44-0CC4-4083-8510-A48536FA5BED}"
EndProject
Global
	GlobalSection(SolutionConfigurationPlatforms) = preSolution
		Debug|Any CPU = Debug|Any CPU
		Release|Any CPU = Release|Any CPU
	EndGlobalSection
	GlobalSection(ProjectConfigurationPlatforms) = postSolution
		{68955E44-0CC4-4083-8510-A48536FA5BED}.Debug|Any CPU.ActiveCfg = Debug|Any CPU
		{68955E44-0CC4-4083-8510-A48536FA5BED}.Debug|Any CPU.Build.0 = Debug|Any CPU
		{68955E44-0CC4-4083-8510-A48536FA5BED}.Release|Any CPU.ActiveCfg = Release|Any CPU
		{68955E44-0CC4-4083-8510-A48536FA5BED}.Release|Any CPU.Build.0 = Release|Any CPU
	EndGlobalSection
	GlobalSection(SolutionProperties) = preSolution
		HideSolutionNode = FALSE
	EndGlobalSection
	GlobalSection(ExtensibilityGlobals) = postSolution
		SolutionGuid = {6831E4BB-6A90-4FD6-BC1F-6B6621E2570E}
	EndGlobalSection
EndGlobal
